
Microsoft Visual Studio Solution File, Format Version 12.00
# Visual Studio Version 17
VisualStudioVersion = 17.9.34714.143
MinimumVisualStudioVersion = 10.0.40219.1
Project("{FAE04EC0-301F-11D3-BF4B-00C04F79EFBC}") = "RyoTune.Reloaded", "RyoTune.Reloaded.csproj", "{E0892618-FB25-4453-8729-5C35949C68F2}"
EndProject
Global
	GlobalSection(SolutionConfigurationPlatforms) = preSolution
		Debug|Any CPU = Debug|Any CPU
		Release|Any CPU = Release|Any CPU
	EndGlobalSection
	GlobalSection(ProjectConfigurationPlatforms) = postSolution
		{E0892618-FB25-4453-8729-5C35949C68F2}.Debug|Any CPU.ActiveCfg = Debug|Any CPU
		{E0892618-FB25-4453-8729-5C35949C68F2}.Debug|Any CPU.Build.0 = Debug|Any CPU
		{E0892618-FB25-4453-8729-5C35949C68F2}.Release|Any CPU.ActiveCfg = Release|Any CPU
		{E0892618-FB25-4453-8729-5C35949C68F2}.Release|Any CPU.Build.0 = Release|Any CPU
	EndGlobalSection
	GlobalSection(SolutionProperties) = preSolution
		HideSolutionNode = FALSE
	EndGlobalSection
	GlobalSection(ExtensibilityGlobals) = postSolution
		SolutionGuid = {B41C1016-CEBF-41B4-82FE-E49FB4BBD4BA}
	EndGlobalSection
EndGlobal
